
Microsoft Visual Studio Solution File, Format Version 12.00
# Visual Studio Version 17
VisualStudioVersion = 17.14.36127.28
MinimumVisualStudioVersion = 10.0.40219.1
Project("{FAE04EC0-301F-11D3-BF4B-00C04F79EFBC}") = "RAG", "RAG\RAG.csproj", "{0A16C1A9-6944-49F6-A82B-1E8D00764CA3}"
EndProject
Global
	GlobalSection(SolutionConfigurationPlatforms) = preSolution
		Debug|Any CPU = Debug|Any CPU
		Release|Any CPU = Release|Any CPU
	EndGlobalSection
	GlobalSection(ProjectConfigurationPlatforms) = postSolution
		{0A16C1A9-6944-49F6-A82B-1E8D00764CA3}.Debug|Any CPU.ActiveCfg = Debug|Any CPU
		{0A16C1A9-6944-49F6-A82B-1E8D00764CA3}.Debug|Any CPU.Build.0 = Debug|Any CPU
		{0A16C1A9-6944-49F6-A82B-1E8D00764CA3}.Release|Any CPU.ActiveCfg = Release|Any CPU
		{0A16C1A9-6944-49F6-A82B-1E8D00764CA3}.Release|Any CPU.Build.0 = Release|Any CPU
	EndGlobalSection
	GlobalSection(SolutionProperties) = preSolution
		HideSolutionNode = FALSE
	EndGlobalSection
	GlobalSection(ExtensibilityGlobals) = postSolution
		SolutionGuid = {7AFE4EC5-F4A9-422C-BDAE-FB5E811F71FF}
	EndGlobalSection
EndGlobal
